// !$*UTF8*$!
{
	archiveVersion = 1;
	classes = {
	};
	objectVersion = 46;
	objects = {

/* Begin PBXBuildFile section */
		0C2FF72D1C8042D7002BF779 /* main.m in Sources */ = {isa = PBXBuildFile; fileRef = 0C2FF72C1C8042D7002BF779 /* main.m */; };
		0C2FF7301C8042D7002BF779 /* AppDelegate.m in Sources */ = {isa = PBXBuildFile; fileRef = 0C2FF72F1C8042D7002BF779 /* AppDelegate.m */; };
		0C2FF7331C8042D7002BF779 /* ViewController.m in Sources */ = {isa = PBXBuildFile; fileRef = 0C2FF7321C8042D7002BF779 /* ViewController.m */; };
		0C2FF7361C8042D7002BF779 /* Main.storyboard in Resources */ = {isa = PBXBuildFile; fileRef = 0C2FF7341C8042D7002BF779 /* Main.storyboard */; };
		0C2FF7381C8042D7002BF779 /* Assets.xcassets in Resources */ = {isa = PBXBuildFile; fileRef = 0C2FF7371C8042D7002BF779 /* Assets.xcassets */; };
		0C2FF73B1C8042D7002BF779 /* LaunchScreen.storyboard in Resources */ = {isa = PBXBuildFile; fileRef = 0C2FF7391C8042D7002BF779 /* LaunchScreen.storyboard */; };
		0C2FF7461C8042D7002BF779 /* testTests.m in Sources */ = {isa = PBXBuildFile; fileRef = 0C2FF7451C8042D7002BF779 /* testTests.m */; };
		0C2FF7511C8042D7002BF779 /* testUITests.m in Sources */ = {isa = PBXBuildFile; fileRef = 0C2FF7501C8042D7002BF779 /* testUITests.m */; };
		9E09C389F7FEA6A08A16DC7E /* libPods.a in Frameworks */ = {isa = PBXBuildFile; fileRef = 61C229CC2FA1427BABE0CD75 /* libPods.a */; };
/* End PBXBuildFile section */

/* Begin PBXContainerItemProxy section */
		0C2FF7421C8042D7002BF779 /* PBXContainerItemProxy */ = {
			isa = PBXContainerItemProxy;
			containerPortal = 0C2FF7201C8042D7002BF779 /* Project object */;
			proxyType = 1;
			remoteGlobalIDString = 0C2FF7271C8042D7002BF779;
			remoteInfo = test;
		};
		0C2FF74D1C8042D7002BF779 /* PBXContainerItemProxy */ = {
			isa = PBXContainerItemProxy;
			containerPortal = 0C2FF7201C8042D7002BF779 /* Project object */;
			proxyType = 1;
			remoteGlobalIDString = 0C2FF7271C8042D7002BF779;
			remoteInfo = test;
		};
/* End PBXContainerItemProxy section */

/* Begin PBXFileReference section */
		0C2FF7281C8042D7002BF779 /* test.app */ = {isa = PBXFileReference; explicitFileType = wrapper.application; includeInIndex = 0; path = test.app; sourceTree = BUILT_PRODUCTS_DIR; };
		0C2FF72C1C8042D7002BF779 /* main.m */ = {isa = PBXFileReference; lastKnownFileType = sourcecode.c.objc; path = main.m; sourceTree = "<group>"; };
		0C2FF72E1C8042D7002BF779 /* AppDelegate.h */ = {isa = PBXFileReference; lastKnownFileType = sourcecode.c.h; path = AppDelegate.h; sourceTree = "<group>"; };
		0C2FF72F1C8042D7002BF779 /* AppDelegate.m */ = {isa = PBXFileReference; lastKnownFileType = sourcecode.c.objc; path = AppDelegate.m; sourceTree = "<group>"; };
		0C2FF7311C8042D7002BF779 /* ViewController.h */ = {isa = PBXFileReference; lastKnownFileType = sourcecode.c.h; path = ViewController.h; sourceTree = "<group>"; };
		0C2FF7321C8042D7002BF779 /* ViewController.m */ = {isa = PBXFileReference; lastKnownFileType = sourcecode.c.objc; path = ViewController.m; sourceTree = "<group>"; };
		0C2FF7351C8042D7002BF779 /* Base */ = {isa = PBXFileReference; lastKnownFileType = file.storyboard; name = Base; path = Base.lproj/Main.storyboard; sourceTree = "<group>"; };
		0C2FF7371C8042D7002BF779 /* Assets.xcassets */ = {isa = PBXFileReference; lastKnownFileType = folder.assetcatalog; path = Assets.xcassets; sourceTree = "<group>"; };
		0C2FF73A1C8042D7002BF779 /* Base */ = {isa = PBXFileReference; lastKnownFileType = file.storyboard; name = Base; path = Base.lproj/LaunchScreen.storyboard; sourceTree = "<group>"; };
		0C2FF73C1C8042D7002BF779 /* Info.plist */ = {isa = PBXFileReference; lastKnownFileType = text.plist.xml; path = Info.plist; sourceTree = "<group>"; };
		0C2FF7411C8042D7002BF779 /* testTests.xctest */ = {isa = PBXFileReference; explicitFileType = wrapper.cfbundle; includeInIndex = 0; path = testTests.xctest; sourceTree = BUILT_PRODUCTS_DIR; };
		0C2FF7451C8042D7002BF779 /* testTests.m */ = {isa = PBXFileReference; lastKnownFileType = sourcecode.c.objc; path = testTests.m; sourceTree = "<group>"; };
		0C2FF7471C8042D7002BF779 /* Info.plist */ = {isa = PBXFileReference; lastKnownFileType = text.plist.xml; path = Info.plist; sourceTree = "<group>"; };
		0C2FF74C1C8042D7002BF779 /* testUITests.xctest */ = {isa = PBXFileReference; explicitFileType = wrapper.cfbundle; includeInIndex = 0; path = testUITests.xctest; sourceTree = BUILT_PRODUCTS_DIR; };
		0C2FF7501C8042D7002BF779 /* testUITests.m */ = {isa = PBXFileReference; lastKnownFileType = sourcecode.c.objc; path = testUITests.m; sourceTree = "<group>"; };
		0C2FF7521C8042D7002BF779 /* Info.plist */ = {isa = PBXFileReference; lastKnownFileType = text.plist.xml; path = Info.plist; sourceTree = "<group>"; };
		61C229CC2FA1427BABE0CD75 /* libPods.a */ = {isa = PBXFileReference; explicitFileType = archive.ar; includeInIndex = 0; path = libPods.a; sourceTree = BUILT_PRODUCTS_DIR; };
		7246D096AD75CCFCA90E81D8 /* Pods.release.xcconfig */ = {isa = PBXFileReference; includeInIndex = 1; lastKnownFileType = text.xcconfig; name = Pods.release.xcconfig; path = "Pods/Target Support Files/Pods/Pods.release.xcconfig"; sourceTree = "<group>"; };
		9DC32C93D25D65A25E1F9288 /* Pods.debug.xcconfig */ = {isa = PBXFileReference; includeInIndex = 1; lastKnownFileType = text.xcconfig; name = Pods.debug.xcconfig; path = "Pods/Target Support Files/Pods/Pods.debug.xcconfig"; sourceTree = "<group>"; };
/* End PBXFileReference section */

/* Begin PBXFrameworksBuildPhase section */
		0C2FF7251C8042D7002BF779 /* Frameworks */ = {
			isa = PBXFrameworksBuildPhase;
			buildActionMask = 2147483647;
			files = (
				9E09C389F7FEA6A08A16DC7E /* libPods.a in Frameworks */,
			);
			runOnlyForDeploymentPostprocessing = 0;
		};
		0C2FF73E1C8042D7002BF779 /* Frameworks */ = {
			isa = PBXFrameworksBuildPhase;
			buildActionMask = 2147483647;
			files = (
			);
			runOnlyForDeploymentPostprocessing = 0;
		};
		0C2FF7491C8042D7002BF779 /* Frameworks */ = {
			isa = PBXFrameworksBuildPhase;
			buildActionMask = 2147483647;
			files = (
			);
			runOnlyForDeploymentPostprocessing = 0;
		};
/* End PBXFrameworksBuildPhase section */

/* Begin PBXGroup section */
		0C2FF71F1C8042D7002BF779 = {
			isa = PBXGroup;
			children = (
				0C2FF72A1C8042D7002BF779 /* test */,
				0C2FF7441C8042D7002BF779 /* testTests */,
				0C2FF74F1C8042D7002BF779 /* testUITests */,
				0C2FF7291C8042D7002BF779 /* Products */,
				B980BD801753C8CB191E6A58 /* Pods */,
				864E8077312F1286FA761DB8 /* Frameworks */,
			);
			sourceTree = "<group>";
		};
		0C2FF7291C8042D7002BF779 /* Products */ = {
			isa = PBXGroup;
			children = (
				0C2FF7281C8042D7002BF779 /* test.app */,
				0C2FF7411C8042D7002BF779 /* testTests.xctest */,
				0C2FF74C1C8042D7002BF779 /* testUITests.xctest */,
			);
			name = Products;
			sourceTree = "<group>";
		};
		0C2FF72A1C8042D7002BF779 /* test */ = {
			isa = PBXGroup;
			children = (
				0C2FF72E1C8042D7002BF779 /* AppDelegate.h */,
				0C2FF72F1C8042D7002BF779 /* AppDelegate.m */,
				0C2FF7311C8042D7002BF779 /* ViewController.h */,
				0C2FF7321C8042D7002BF779 /* ViewController.m */,
				0C2FF7341C8042D7002BF779 /* Main.storyboard */,
				0C2FF7371C8042D7002BF779 /* Assets.xcassets */,
				0C2FF7391C8042D7002BF779 /* LaunchScreen.storyboard */,
				0C2FF73C1C8042D7002BF779 /* Info.plist */,
				0C2FF72B1C8042D7002BF779 /* Supporting Files */,
			);
			path = test;
			sourceTree = "<group>";
		};
		0C2FF72B1C8042D7002BF779 /* Supporting Files */ = {
			isa = PBXGroup;
			children = (
				0C2FF72C1C8042D7002BF779 /* main.m */,
			);
			name = "Supporting Files";
			sourceTree = "<group>";
		};
		0C2FF7441C8042D7002BF779 /* testTests */ = {
			isa = PBXGroup;
			children = (
				0C2FF7451C8042D7002BF779 /* testTests.m */,
				0C2FF7471C8042D7002BF779 /* Info.plist */,
			);
			path = testTests;
			sourceTree = "<group>";
		};
		0C2FF74F1C8042D7002BF779 /* testUITests */ = {
			isa = PBXGroup;
			children = (
				0C2FF7501C8042D7002BF779 /* testUITests.m */,
				0C2FF7521C8042D7002BF779 /* Info.plist */,
			);
			path = testUITests;
			sourceTree = "<group>";
		};
		864E8077312F1286FA761DB8 /* Frameworks */ = {
			isa = PBXGroup;
			children = (
				61C229CC2FA1427BABE0CD75 /* libPods.a */,
			);
			name = Frameworks;
			sourceTree = "<group>";
		};
		B980BD801753C8CB191E6A58 /* Pods */ = {
			isa = PBXGroup;
			children = (
				9DC32C93D25D65A25E1F9288 /* Pods.debug.xcconfig */,
				7246D096AD75CCFCA90E81D8 /* Pods.release.xcconfig */,
			);
			name = Pods;
			sourceTree = "<group>";
		};
/* End PBXGroup section */

/* Begin PBXNativeTarget section */
		0C2FF7271C8042D7002BF779 /* test */ = {
			isa = PBXNativeTarget;
			buildConfigurationList = 0C2FF7551C8042D7002BF779 /* Build configuration list for PBXNativeTarget "test" */;
			buildPhases = (
				FB9BEC69FCC5D6CBC1DAE42D /* Check Pods Manifest.lock */,
				0C2FF7241C8042D7002BF779 /* Sources */,
				0C2FF7251C8042D7002BF779 /* Frameworks */,
				0C2FF7261C8042D7002BF779 /* Resources */,
				E209B54E51C81519712E6EDE /* Embed Pods Frameworks */,
				9405A58311A0E9E76ECBE200 /* Copy Pods Resources */,
			);
			buildRules = (
			);
			dependencies = (
			);
			name = test;
			productName = test;
			productReference = 0C2FF7281C8042D7002BF779 /* test.app */;
			productType = "com.apple.product-type.application";
		};
		0C2FF7401C8042D7002BF779 /* testTests */ = {
			isa = PBXNativeTarget;
			buildConfigurationList = 0C2FF7581C8042D7002BF779 /* Build configuration list for PBXNativeTarget "testTests" */;
			buildPhases = (
				0C2FF73D1C8042D7002BF779 /* Sources */,
				0C2FF73E1C8042D7002BF779 /* Frameworks */,
				0C2FF73F1C8042D7002BF779 /* Resources */,
			);
			buildRules = (
			);
			dependencies = (
				0C2FF7431C8042D7002BF779 /* PBXTargetDependency */,
			);
			name = testTests;
			productName = testTests;
			productReference = 0C2FF7411C8042D7002BF779 /* testTests.xctest */;
			productType = "com.apple.product-type.bundle.unit-test";
		};
		0C2FF74B1C8042D7002BF779 /* testUITests */ = {
			isa = PBXNativeTarget;
			buildConfigurationList = 0C2FF75B1C8042D7002BF779 /* Build configuration list for PBXNativeTarget "testUITests" */;
			buildPhases = (
				0C2FF7481C8042D7002BF779 /* Sources */,
				0C2FF7491C8042D7002BF779 /* Frameworks */,
				0C2FF74A1C8042D7002BF779 /* Resources */,
			);
			buildRules = (
			);
			dependencies = (
				0C2FF74E1C8042D7002BF779 /* PBXTargetDependency */,
			);
			name = testUITests;
			productName = testUITests;
			productReference = 0C2FF74C1C8042D7002BF779 /* testUITests.xctest */;
			productType = "com.apple.product-type.bundle.ui-testing";
		};
/* End PBXNativeTarget section */

/* Begin PBXProject section */
		0C2FF7201C8042D7002BF779 /* Project object */ = {
			isa = PBXProject;
			attributes = {
				LastUpgradeCheck = 0720;
				ORGANIZATIONNAME = "浙江蚁窝投资管理有限公司";
				TargetAttributes = {
					0C2FF7271C8042D7002BF779 = {
						CreatedOnToolsVersion = 7.2;
						DevelopmentTeam = XT3R22E37G;
					};
					0C2FF7401C8042D7002BF779 = {
						CreatedOnToolsVersion = 7.2;
						DevelopmentTeam = XT3R22E37G;
						TestTargetID = 0C2FF7271C8042D7002BF779;
					};
					0C2FF74B1C8042D7002BF779 = {
						CreatedOnToolsVersion = 7.2;
						DevelopmentTeam = XT3R22E37G;
						TestTargetID = 0C2FF7271C8042D7002BF779;
					};
				};
			};
			buildConfigurationList = 0C2FF7231C8042D7002BF779 /* Build configuration list for PBXProject "test" */;
			compatibilityVersion = "Xcode 3.2";
			developmentRegion = English;
			hasScannedForEncodings = 0;
			knownRegions = (
				en,
				Base,
			);
			mainGroup = 0C2FF71F1C8042D7002BF779;
			productRefGroup = 0C2FF7291C8042D7002BF779 /* Products */;
			projectDirPath = "";
			projectRoot = "";
			targets = (
				0C2FF7271C8042D7002BF779 /* test */,
				0C2FF7401C8042D7002BF779 /* testTests */,
				0C2FF74B1C8042D7002BF779 /* testUITests */,
			);
		};
/* End PBXProject section */

/* Begin PBXResourcesBuildPhase section */
		0C2FF7261C8042D7002BF779 /* Resources */ = {
			isa = PBXResourcesBuildPhase;
			buildActionMask = 2147483647;
			files = (
				0C2FF73B1C8042D7002BF779 /* LaunchScreen.storyboard in Resources */,
				0C2FF7381C8042D7002BF779 /* Assets.xcassets in Resources */,
				0C2FF7361C8042D7002BF779 /* Main.storyboard in Resources */,
			);
			runOnlyForDeploymentPostprocessing = 0;
		};
		0C2FF73F1C8042D7002BF779 /* Resources */ = {
			isa = PBXResourcesBuildPhase;
			buildActionMask = 2147483647;
			files = (
			);
			runOnlyForDeploymentPostprocessing = 0;
		};
		0C2FF74A1C8042D7002BF779 /* Resources */ = {
			isa = PBXResourcesBuildPhase;
			buildActionMask = 2147483647;
			files = (
			);
			runOnlyForDeploymentPostprocessing = 0;
		};
/* End PBXResourcesBuildPhase section */

/* Begin PBXShellScriptBuildPhase section */
		9405A58311A0E9E76ECBE200 /* Copy Pods Resources */ = {
			isa = PBXShellScriptBuildPhase;
			buildActionMask = 2147483647;
			files = (
			);
			inputPaths = (
			);
			name = "Copy Pods Resources";
			outputPaths = (
			);
			runOnlyForDeploymentPostprocessing = 0;
			shellPath = /bin/sh;
			shellScript = "\"${SRCROOT}/Pods/Target Support Files/Pods/Pods-resources.sh\"\n";
			showEnvVarsInLog = 0;
		};
		E209B54E51C81519712E6EDE /* Embed Pods Frameworks */ = {
			isa = PBXShellScriptBuildPhase;
			buildActionMask = 2147483647;
			files = (
			);
			inputPaths = (
			);
			name = "Embed Pods Frameworks";
			outputPaths = (
			);
			runOnlyForDeploymentPostprocessing = 0;
			shellPath = /bin/sh;
			shellScript = "\"${SRCROOT}/Pods/Target Support Files/Pods/Pods-frameworks.sh\"\n";
			showEnvVarsInLog = 0;
		};
		FB9BEC69FCC5D6CBC1DAE42D /* Check Pods Manifest.lock */ = {
			isa = PBXShellScriptBuildPhase;
			buildActionMask = 2147483647;
			files = (
			);
			inputPaths = (
			);
			name = "Check Pods Manifest.lock";
			outputPaths = (
			);
			runOnlyForDeploymentPostprocessing = 0;
			shellPath = /bin/sh;
			shellScript = "diff \"${PODS_ROOT}/../Podfile.lock\" \"${PODS_ROOT}/Manifest.lock\" > /dev/null\nif [[ $? != 0 ]] ; then\n    cat << EOM\nerror: The sandbox is not in sync with the Podfile.lock. Run 'pod install' or update your CocoaPods installation.\nEOM\n    exit 1\nfi\n";
			showEnvVarsInLog = 0;
		};
/* End PBXShellScriptBuildPhase section */

/* Begin PBXSourcesBuildPhase section */
		0C2FF7241C8042D7002BF779 /* Sources */ = {
			isa = PBXSourcesBuildPhase;
			buildActionMask = 2147483647;
			files = (
				0C2FF7331C8042D7002BF779 /* ViewController.m in Sources */,
				0C2FF7301C8042D7002BF779 /* AppDelegate.m in Sources */,
				0C2FF72D1C8042D7002BF779 /* main.m in Sources */,
			);
			runOnlyForDeploymentPostprocessing = 0;
		};
		0C2FF73D1C8042D7002BF779 /* Sources */ = {
			isa = PBXSourcesBuildPhase;
			buildActionMask = 2147483647;
			files = (
				0C2FF7461C8042D7002BF779 /* testTests.m in Sources */,
			);
			runOnlyForDeploymentPostprocessing = 0;
		};
		0C2FF7481C8042D7002BF779 /* Sources */ = {
			isa = PBXSourcesBuildPhase;
			buildActionMask = 2147483647;
			files = (
				0C2FF7511C8042D7002BF779 /* testUITests.m in Sources */,
			);
			runOnlyForDeploymentPostprocessing = 0;
		};
/* End PBXSourcesBuildPhase section */

/* Begin PBXTargetDependency section */
		0C2FF7431C8042D7002BF779 /* PBXTargetDependency */ = {
			isa = PBXTargetDependency;
			target = 0C2FF7271C8042D7002BF779 /* test */;
			targetProxy = 0C2FF7421C8042D7002BF779 /* PBXContainerItemProxy */;
		};
		0C2FF74E1C8042D7002BF779 /* PBXTargetDependency */ = {
			isa = PBXTargetDependency;
			target = 0C2FF7271C8042D7002BF779 /* test */;
			targetProxy = 0C2FF74D1C8042D7002BF779 /* PBXContainerItemProxy */;
		};
/* End PBXTargetDependency section */

/* Begin PBXVariantGroup section */
		0C2FF7341C8042D7002BF779 /* Main.storyboard */ = {
			isa = PBXVariantGroup;
			children = (
				0C2FF7351C8042D7002BF779 /* Base */,
			);
			name = Main.storyboard;
			sourceTree = "<group>";
		};
		0C2FF7391C8042D7002BF779 /* LaunchScreen.storyboard */ = {
			isa = PBXVariantGroup;
			children = (
				0C2FF73A1C8042D7002BF779 /* Base */,
			);
			name = LaunchScreen.storyboard;
			sourceTree = "<group>";
		};
/* End PBXVariantGroup section */

/* Begin XCBuildConfiguration section */
		0C2FF7531C8042D7002BF779 /* Debug */ = {
			isa = XCBuildConfiguration;
			buildSettings = {
				ALWAYS_SEARCH_USER_PATHS = NO;
				CLANG_CXX_LANGUAGE_STANDARD = "gnu++0x";
				CLANG_CXX_LIBRARY = "libc++";
				CLANG_ENABLE_MODULES = YES;
				CLANG_ENABLE_OBJC_ARC = YES;
				CLANG_WARN_BOOL_CONVERSION = YES;
				CLANG_WARN_CONSTANT_CONVERSION = YES;
				CLANG_WARN_DIRECT_OBJC_ISA_USAGE = YES_ERROR;
				CLANG_WARN_EMPTY_BODY = YES;
				CLANG_WARN_ENUM_CONVERSION = YES;
				CLANG_WARN_INT_CONVERSION = YES;
				CLANG_WARN_OBJC_ROOT_CLASS = YES_ERROR;
				CLANG_WARN_UNREACHABLE_CODE = YES;
				CLANG_WARN__DUPLICATE_METHOD_MATCH = YES;
				"CODE_SIGN_IDENTITY[sdk=iphoneos*]" = "iPhone Developer";
				COPY_PHASE_STRIP = NO;
				DEBUG_INFORMATION_FORMAT = dwarf;
				ENABLE_STRICT_OBJC_MSGSEND = YES;
				ENABLE_TESTABILITY = YES;
				GCC_C_LANGUAGE_STANDARD = gnu99;
				GCC_DYNAMIC_NO_PIC = NO;
				GCC_NO_COMMON_BLOCKS = YES;
				GCC_OPTIMIZATION_LEVEL = 0;
				GCC_PREPROCESSOR_DEFINITIONS = (
					"DEBUG=1",
					"$(inherited)",
				);
				GCC_WARN_64_TO_32_BIT_CONVERSION = YES;
				GCC_WARN_ABOUT_RETURN_TYPE = YES_ERROR;
				GCC_WARN_UNDECLARED_SELECTOR = YES;
				GCC_WARN_UNINITIALIZED_AUTOS = YES_AGGRESSIVE;
				GCC_WARN_UNUSED_FUNCTION = YES;
				GCC_WARN_UNUSED_VARIABLE = YES;
				IPHONEOS_DEPLOYMENT_TARGET = 9.2;
				MTL_ENABLE_DEBUG_INFO = YES;
				ONLY_ACTIVE_ARCH = YES;
				SDKROOT = iphoneos;
			};
			name = Debug;
		};
		0C2FF7541C8042D7002BF779 /* Release */ = {
			isa = XCBuildConfiguration;
			buildSettings = {
				ALWAYS_SEARCH_USER_PATHS = NO;
				CLANG_CXX_LANGUAGE_STANDARD = "gnu++0x";
				CLANG_CXX_LIBRARY = "libc++";
				CLANG_ENABLE_MODULES = YES;
				CLANG_ENABLE_OBJC_ARC = YES;
				CLANG_WARN_BOOL_CONVERSION = YES;
				CLANG_WARN_CONSTANT_CONVERSION = YES;
				CLANG_WARN_DIRECT_OBJC_ISA_USAGE = YES_ERROR;
				CLANG_WARN_EMPTY_BODY = YES;
				CLANG_WARN_ENUM_CONVERSION = YES;
				CLANG_WARN_INT_CONVERSION = YES;
				CLANG_WARN_OBJC_ROOT_CLASS = YES_ERROR;
				CLANG_WARN_UNREACHABLE_CODE = YES;
				CLANG_WARN__DUPLICATE_METHOD_MATCH = YES;
				"CODE_SIGN_IDENTITY[sdk=iphoneos*]" = "iPhone Developer";
				COPY_PHASE_STRIP = NO;
				DEBUG_INFORMATION_FORMAT = "dwarf-with-dsym";
				ENABLE_NS_ASSERTIONS = NO;
				ENABLE_STRICT_OBJC_MSGSEND = YES;
				GCC_C_LANGUAGE_STANDARD = gnu99;
				GCC_NO_COMMON_BLOCKS = YES;
				GCC_WARN_64_TO_32_BIT_CONVERSION = YES;
				GCC_WARN_ABOUT_RETURN_TYPE = YES_ERROR;
				GCC_WARN_UNDECLARED_SELECTOR = YES;
				GCC_WARN_UNINITIALIZED_AUTOS = YES_AGGRESSIVE;
				GCC_WARN_UNUSED_FUNCTION = YES;
				GCC_WARN_UNUSED_VARIABLE = YES;
				IPHONEOS_DEPLOYMENT_TARGET = 9.2;
				MTL_ENABLE_DEBUG_INFO = NO;
				SDKROOT = iphoneos;
				VALIDATE_PRODUCT = YES;
			};
			name = Release;
		};
		0C2FF7561C8042D7002BF779 /* Debug */ = {
			isa = XCBuildConfiguration;
			baseConfigurationReference = 9DC32C93D25D65A25E1F9288 /* Pods.debug.xcconfig */;
			buildSettings = {
				ASSETCATALOG_COMPILER_APPICON_NAME = AppIcon;
				INFOPLIST_FILE = test/Info.plist;
				LD_RUNPATH_SEARCH_PATHS = "$(inherited) @executable_path/Frameworks";
				PRODUCT_BUNDLE_IDENTIFIER = com.yiwo.test;
				PRODUCT_NAME = "$(TARGET_NAME)";
			};
			name = Debug;
		};
		0C2FF7571C8042D7002BF779 /* Release */ = {
			isa = XCBuildConfiguration;
			baseConfigurationReference = 7246D096AD75CCFCA90E81D8 /* Pods.release.xcconfig */;
			buildSettings = {
				ASSETCATALOG_COMPILER_APPICON_NAME = AppIcon;
				INFOPLIST_FILE = test/Info.plist;
				LD_RUNPATH_SEARCH_PATHS = "$(inherited) @executable_path/Frameworks";
				PRODUCT_BUNDLE_IDENTIFIER = com.yiwo.test;
				PRODUCT_NAME = "$(TARGET_NAME)";
			};
			name = Release;
		};
		0C2FF7591C8042D7002BF779 /* Debug */ = {
			isa = XCBuildConfiguration;
			buildSettings = {
				BUNDLE_LOADER = "$(TEST_HOST)";
				INFOPLIST_FILE = testTests/Info.plist;
				LD_RUNPATH_SEARCH_PATHS = "$(inherited) @executable_path/Frameworks @loader_path/Frameworks";
				PRODUCT_BUNDLE_IDENTIFIER = com.yiwo.testTests;
				PRODUCT_NAME = "$(TARGET_NAME)";
				TEST_HOST = "$(BUILT_PRODUCTS_DIR)/test.app/test";
			};
			name = Debug;
		};
		0C2FF75A1C8042D7002BF779 /* Release */ = {
			isa = XCBuildConfiguration;
			buildSettings = {
				BUNDLE_LOADER = "$(TEST_HOST)";
				INFOPLIST_FILE = testTests/Info.plist;
				LD_RUNPATH_SEARCH_PATHS = "$(inherited) @executable_path/Frameworks @loader_path/Frameworks";
				PRODUCT_BUNDLE_IDENTIFIER = com.yiwo.testTests;
				PRODUCT_NAME = "$(TARGET_NAME)";
				TEST_HOST = "$(BUILT_PRODUCTS_DIR)/test.app/test";
			};
			name = Release;
		};
		0C2FF75C1C8042D7002BF779 /* Debug */ = {
			isa = XCBuildConfiguration;
			buildSettings = {
				INFOPLIST_FILE = testUITests/Info.plist;
				LD_RUNPATH_SEARCH_PATHS = "$(inherited) @executable_path/Frameworks @loader_path/Frameworks";
				PRODUCT_BUNDLE_IDENTIFIER = com.yiwo.testUITests;
				PRODUCT_NAME = "$(TARGET_NAME)";
				TEST_TARGET_NAME = test;
				USES_XCTRUNNER = YES;
			};
			name = Debug;
		};
		0C2FF75D1C8042D7002BF779 /* Release */ = {
			isa = XCBuildConfiguration;
			buildSettings = {
				INFOPLIST_FILE = testUITests/Info.plist;
				LD_RUNPATH_SEARCH_PATHS = "$(inherited) @executable_path/Frameworks @loader_path/Frameworks";
				PRODUCT_BUNDLE_IDENTIFIER = com.yiwo.testUITests;
				PRODUCT_NAME = "$(TARGET_NAME)";
				TEST_TARGET_NAME = test;
				USES_XCTRUNNER = YES;
			};
			name = Release;
		};
/* End XCBuildConfiguration section */

/* Begin XCConfigurationList section */
		0C2FF7231C8042D7002BF779 /* Build configuration list for PBXProject "test" */ = {
			isa = XCConfigurationList;
			buildConfigurations = (
				0C2FF7531C8042D7002BF779 /* Debug */,
				0C2FF7541C8042D7002BF779 /* Release */,
			);
			defaultConfigurationIsVisible = 0;
			defaultConfigurationName = Release;
		};
		0C2FF7551C8042D7002BF779 /* Build configuration list for PBXNativeTarget "test" */ = {
			isa = XCConfigurationList;
			buildConfigurations = (
				0C2FF7561C8042D7002BF779 /* Debug */,
				0C2FF7571C8042D7002BF779 /* Release */,
			);
			defaultConfigurationIsVisible = 0;
			defaultConfigurationName = Release;
		};
		0C2FF7581C8042D7002BF779 /* Build configuration list for PBXNativeTarget "testTests" */ = {
			isa = XCConfigurationList;
			buildConfigurations = (
				0C2FF7591C8042D7002BF779 /* Debug */,
				0C2FF75A1C8042D7002BF779 /* Release */,
			);
			defaultConfigurationIsVisible = 0;
			defaultConfigurationName = Release;
		};
		0C2FF75B1C8042D7002BF779 /* Build configuration list for PBXNativeTarget "testUITests" */ = {
			isa = XCConfigurationList;
			buildConfigurations = (
				0C2FF75C1C8042D7002BF779 /* Debug */,
				0C2FF75D1C8042D7002BF779 /* Release */,
			);
			defaultConfigurationIsVisible = 0;
			defaultConfigurationName = Release;
		};
/* End XCConfigurationList section */
	};
	rootObject = 0C2FF7201C8042D7002BF779 /* Project object */;
}
